// !$*UTF8*$!
{
	archiveVersion = 1;
	classes = {
	};
	objectVersion = 46;
	objects = {

/* Begin PBXBuildFile section */
		082012194962D27F7C5C0CEC /* Pods_Instagram.framework in Frameworks */ = {isa = PBXBuildFile; fileRef = 1E32872B0623E7F4BF5942D8 /* Pods_Instagram.framework */; };
		76FEE0DD4139AC8AE9EEC105 /* Pods_InstagramUITests.framework in Frameworks */ = {isa = PBXBuildFile; fileRef = 2F23DDADBB0BF799840DC118 /* Pods_InstagramUITests.framework */; };
		8713DA9A1D1D02AC00322EAB /* SnapshotViewController.swift in Sources */ = {isa = PBXBuildFile; fileRef = 8713DA991D1D02AC00322EAB /* SnapshotViewController.swift */; };
		876278971D188EEC00706AD4 /* AppDelegate.swift in Sources */ = {isa = PBXBuildFile; fileRef = 876278961D188EEC00706AD4 /* AppDelegate.swift */; };
		876278991D188EEC00706AD4 /* ViewController.swift in Sources */ = {isa = PBXBuildFile; fileRef = 876278981D188EEC00706AD4 /* ViewController.swift */; };
		8762789C1D188EEC00706AD4 /* Main.storyboard in Resources */ = {isa = PBXBuildFile; fileRef = 8762789A1D188EEC00706AD4 /* Main.storyboard */; };
		8762789E1D188EEC00706AD4 /* Assets.xcassets in Resources */ = {isa = PBXBuildFile; fileRef = 8762789D1D188EEC00706AD4 /* Assets.xcassets */; };
		876278A11D188EEC00706AD4 /* LaunchScreen.storyboard in Resources */ = {isa = PBXBuildFile; fileRef = 8762789F1D188EEC00706AD4 /* LaunchScreen.storyboard */; };
		876278AC1D188EEC00706AD4 /* InstagramTests.swift in Sources */ = {isa = PBXBuildFile; fileRef = 876278AB1D188EEC00706AD4 /* InstagramTests.swift */; };
		876278B71D188EEC00706AD4 /* InstagramUITests.swift in Sources */ = {isa = PBXBuildFile; fileRef = 876278B61D188EEC00706AD4 /* InstagramUITests.swift */; };
		876278C51D18939100706AD4 /* LoginViewController.swift in Sources */ = {isa = PBXBuildFile; fileRef = 876278C41D18939100706AD4 /* LoginViewController.swift */; };
		876278C91D18ABBA00706AD4 /* CaptureViewController.swift in Sources */ = {isa = PBXBuildFile; fileRef = 876278C81D18ABBA00706AD4 /* CaptureViewController.swift */; };
		876278CB1D18ABEC00706AD4 /* HomeViewController.swift in Sources */ = {isa = PBXBuildFile; fileRef = 876278CA1D18ABEC00706AD4 /* HomeViewController.swift */; };
		876278CD1D18AC0100706AD4 /* ProfileViewController.swift in Sources */ = {isa = PBXBuildFile; fileRef = 876278CC1D18AC0100706AD4 /* ProfileViewController.swift */; };
		876278CF1D18B67800706AD4 /* MainTabBarController.swift in Sources */ = {isa = PBXBuildFile; fileRef = 876278CE1D18B67800706AD4 /* MainTabBarController.swift */; };
		876278D11D19F3F200706AD4 /* PostCell.swift in Sources */ = {isa = PBXBuildFile; fileRef = 876278D01D19F3F200706AD4 /* PostCell.swift */; };
		876278D31D1A0CF100706AD4 /* Post.swift in Sources */ = {isa = PBXBuildFile; fileRef = 876278D21D1A0CF100706AD4 /* Post.swift */; };
		876278D51D1B882300706AD4 /* DetailViewController.swift in Sources */ = {isa = PBXBuildFile; fileRef = 876278D41D1B882300706AD4 /* DetailViewController.swift */; };
		876278D71D1B92B100706AD4 /* ProfileCell.swift in Sources */ = {isa = PBXBuildFile; fileRef = 876278D61D1B92B100706AD4 /* ProfileCell.swift */; };
		876278D91D1B992D00706AD4 /* ProfileDetailViewController.swift in Sources */ = {isa = PBXBuildFile; fileRef = 876278D81D1B992D00706AD4 /* ProfileDetailViewController.swift */; };
		8FB4FAC7541B8C283EE25E98 /* Pods_InstagramTests.framework in Frameworks */ = {isa = PBXBuildFile; fileRef = CF087F67E144463EB285EBC6 /* Pods_InstagramTests.framework */; };
/* End PBXBuildFile section */

/* Begin PBXContainerItemProxy section */
		876278A81D188EEC00706AD4 /* PBXContainerItemProxy */ = {
			isa = PBXContainerItemProxy;
			containerPortal = 8762788B1D188EEC00706AD4 /* Project object */;
			proxyType = 1;
			remoteGlobalIDString = 876278921D188EEC00706AD4;
			remoteInfo = Instagram;
		};
		876278B31D188EEC00706AD4 /* PBXContainerItemProxy */ = {
			isa = PBXContainerItemProxy;
			containerPortal = 8762788B1D188EEC00706AD4 /* Project object */;
			proxyType = 1;
			remoteGlobalIDString = 876278921D188EEC00706AD4;
			remoteInfo = Instagram;
		};
/* End PBXContainerItemProxy section */

/* Begin PBXFileReference section */
		1E32872B0623E7F4BF5942D8 /* Pods_Instagram.framework */ = {isa = PBXFileReference; explicitFileType = wrapper.framework; includeInIndex = 0; path = Pods_Instagram.framework; sourceTree = BUILT_PRODUCTS_DIR; };
		2F23DDADBB0BF799840DC118 /* Pods_InstagramUITests.framework */ = {isa = PBXFileReference; explicitFileType = wrapper.framework; includeInIndex = 0; path = Pods_InstagramUITests.framework; sourceTree = BUILT_PRODUCTS_DIR; };
		7338AA2BEDB69DED67C3C748 /* Pods-Instagram.release.xcconfig */ = {isa = PBXFileReference; includeInIndex = 1; lastKnownFileType = text.xcconfig; name = "Pods-Instagram.release.xcconfig"; path = "Pods/Target Support Files/Pods-Instagram/Pods-Instagram.release.xcconfig"; sourceTree = "<group>"; };
		78A11E5F4756DA0B45113397 /* Pods-InstagramTests.debug.xcconfig */ = {isa = PBXFileReference; includeInIndex = 1; lastKnownFileType = text.xcconfig; name = "Pods-InstagramTests.debug.xcconfig"; path = "Pods/Target Support Files/Pods-InstagramTests/Pods-InstagramTests.debug.xcconfig"; sourceTree = "<group>"; };
		81FB38E81F69536C7EBDADB4 /* Pods-InstagramTests.release.xcconfig */ = {isa = PBXFileReference; includeInIndex = 1; lastKnownFileType = text.xcconfig; name = "Pods-InstagramTests.release.xcconfig"; path = "Pods/Target Support Files/Pods-InstagramTests/Pods-InstagramTests.release.xcconfig"; sourceTree = "<group>"; };
		8713DA991D1D02AC00322EAB /* SnapshotViewController.swift */ = {isa = PBXFileReference; fileEncoding = 4; lastKnownFileType = sourcecode.swift; path = SnapshotViewController.swift; sourceTree = "<group>"; };
		876278931D188EEC00706AD4 /* Instagram.app */ = {isa = PBXFileReference; explicitFileType = wrapper.application; includeInIndex = 0; path = Instagram.app; sourceTree = BUILT_PRODUCTS_DIR; };
		876278961D188EEC00706AD4 /* AppDelegate.swift */ = {isa = PBXFileReference; lastKnownFileType = sourcecode.swift; path = AppDelegate.swift; sourceTree = "<group>"; };
		876278981D188EEC00706AD4 /* ViewController.swift */ = {isa = PBXFileReference; lastKnownFileType = sourcecode.swift; path = ViewController.swift; sourceTree = "<group>"; };
		8762789B1D188EEC00706AD4 /* Base */ = {isa = PBXFileReference; lastKnownFileType = file.storyboard; name = Base; path = Base.lproj/Main.storyboard; sourceTree = "<group>"; };
		8762789D1D188EEC00706AD4 /* Assets.xcassets */ = {isa = PBXFileReference; lastKnownFileType = folder.assetcatalog; path = Assets.xcassets; sourceTree = "<group>"; };
		876278A01D188EEC00706AD4 /* Base */ = {isa = PBXFileReference; lastKnownFileType = file.storyboard; name = Base; path = Base.lproj/LaunchScreen.storyboard; sourceTree = "<group>"; };
		876278A21D188EEC00706AD4 /* Info.plist */ = {isa = PBXFileReference; lastKnownFileType = text.plist.xml; path = Info.plist; sourceTree = "<group>"; };
		876278A71D188EEC00706AD4 /* InstagramTests.xctest */ = {isa = PBXFileReference; explicitFileType = wrapper.cfbundle; includeInIndex = 0; path = InstagramTests.xctest; sourceTree = BUILT_PRODUCTS_DIR; };
		876278AB1D188EEC00706AD4 /* InstagramTests.swift */ = {isa = PBXFileReference; lastKnownFileType = sourcecode.swift; path = InstagramTests.swift; sourceTree = "<group>"; };
		876278AD1D188EEC00706AD4 /* Info.plist */ = {isa = PBXFileReference; lastKnownFileType = text.plist.xml; path = Info.plist; sourceTree = "<group>"; };
		876278B21D188EEC00706AD4 /* InstagramUITests.xctest */ = {isa = PBXFileReference; explicitFileType = wrapper.cfbundle; includeInIndex = 0; path = InstagramUITests.xctest; sourceTree = BUILT_PRODUCTS_DIR; };
		876278B61D188EEC00706AD4 /* InstagramUITests.swift */ = {isa = PBXFileReference; lastKnownFileType = sourcecode.swift; path = InstagramUITests.swift; sourceTree = "<group>"; };
		876278B81D188EEC00706AD4 /* Info.plist */ = {isa = PBXFileReference; lastKnownFileType = text.plist.xml; path = Info.plist; sourceTree = "<group>"; };
		876278C41D18939100706AD4 /* LoginViewController.swift */ = {isa = PBXFileReference; fileEncoding = 4; lastKnownFileType = sourcecode.swift; path = LoginViewController.swift; sourceTree = "<group>"; };
		876278C81D18ABBA00706AD4 /* CaptureViewController.swift */ = {isa = PBXFileReference; fileEncoding = 4; lastKnownFileType = sourcecode.swift; path = CaptureViewController.swift; sourceTree = "<group>"; };
		876278CA1D18ABEC00706AD4 /* HomeViewController.swift */ = {isa = PBXFileReference; fileEncoding = 4; lastKnownFileType = sourcecode.swift; path = HomeViewController.swift; sourceTree = "<group>"; };
		876278CC1D18AC0100706AD4 /* ProfileViewController.swift */ = {isa = PBXFileReference; fileEncoding = 4; lastKnownFileType = sourcecode.swift; path = ProfileViewController.swift; sourceTree = "<group>"; };
		876278CE1D18B67800706AD4 /* MainTabBarController.swift */ = {isa = PBXFileReference; fileEncoding = 4; lastKnownFileType = sourcecode.swift; path = MainTabBarController.swift; sourceTree = "<group>"; };
		876278D01D19F3F200706AD4 /* PostCell.swift */ = {isa = PBXFileReference; fileEncoding = 4; lastKnownFileType = sourcecode.swift; path = PostCell.swift; sourceTree = "<group>"; };
		876278D21D1A0CF100706AD4 /* Post.swift */ = {isa = PBXFileReference; fileEncoding = 4; lastKnownFileType = sourcecode.swift; path = Post.swift; sourceTree = "<group>"; };
		876278D41D1B882300706AD4 /* DetailViewController.swift */ = {isa = PBXFileReference; fileEncoding = 4; lastKnownFileType = sourcecode.swift; path = DetailViewController.swift; sourceTree = "<group>"; };
		876278D61D1B92B100706AD4 /* ProfileCell.swift */ = {isa = PBXFileReference; fileEncoding = 4; lastKnownFileType = sourcecode.swift; path = ProfileCell.swift; sourceTree = "<group>"; };
		876278D81D1B992D00706AD4 /* ProfileDetailViewController.swift */ = {isa = PBXFileReference; fileEncoding = 4; lastKnownFileType = sourcecode.swift; path = ProfileDetailViewController.swift; sourceTree = "<group>"; };
		87BC207ABBE8BD4D572E5575 /* Pods-InstagramUITests.debug.xcconfig */ = {isa = PBXFileReference; includeInIndex = 1; lastKnownFileType = text.xcconfig; name = "Pods-InstagramUITests.debug.xcconfig"; path = "Pods/Target Support Files/Pods-InstagramUITests/Pods-InstagramUITests.debug.xcconfig"; sourceTree = "<group>"; };
		A448F60C4136C8E36FE19F5F /* Pods-Instagram.debug.xcconfig */ = {isa = PBXFileReference; includeInIndex = 1; lastKnownFileType = text.xcconfig; name = "Pods-Instagram.debug.xcconfig"; path = "Pods/Target Support Files/Pods-Instagram/Pods-Instagram.debug.xcconfig"; sourceTree = "<group>"; };
		CF087F67E144463EB285EBC6 /* Pods_InstagramTests.framework */ = {isa = PBXFileReference; explicitFileType = wrapper.framework; includeInIndex = 0; path = Pods_InstagramTests.framework; sourceTree = BUILT_PRODUCTS_DIR; };
		E43F992A5BC0B9A83881F954 /* Pods-InstagramUITests.release.xcconfig */ = {isa = PBXFileReference; includeInIndex = 1; lastKnownFileType = text.xcconfig; name = "Pods-InstagramUITests.release.xcconfig"; path = "Pods/Target Support Files/Pods-InstagramUITests/Pods-InstagramUITests.release.xcconfig"; sourceTree = "<group>"; };
/* End PBXFileReference section */

/* Begin PBXFrameworksBuildPhase section */
		876278901D188EEC00706AD4 /* Frameworks */ = {
			isa = PBXFrameworksBuildPhase;
			buildActionMask = 2147483647;
			files = (
				082012194962D27F7C5C0CEC /* Pods_Instagram.framework in Frameworks */,
			);
			runOnlyForDeploymentPostprocessing = 0;
		};
		876278A41D188EEC00706AD4 /* Frameworks */ = {
			isa = PBXFrameworksBuildPhase;
			buildActionMask = 2147483647;
			files = (
				8FB4FAC7541B8C283EE25E98 /* Pods_InstagramTests.framework in Frameworks */,
			);
			runOnlyForDeploymentPostprocessing = 0;
		};
		876278AF1D188EEC00706AD4 /* Frameworks */ = {
			isa = PBXFrameworksBuildPhase;
			buildActionMask = 2147483647;
			files = (
				76FEE0DD4139AC8AE9EEC105 /* Pods_InstagramUITests.framework in Frameworks */,
			);
			runOnlyForDeploymentPostprocessing = 0;
		};
/* End PBXFrameworksBuildPhase section */

/* Begin PBXGroup section */
		1F55D4AE0F3F30C4AE2498BC /* Pods */ = {
			isa = PBXGroup;
			children = (
				A448F60C4136C8E36FE19F5F /* Pods-Instagram.debug.xcconfig */,
				7338AA2BEDB69DED67C3C748 /* Pods-Instagram.release.xcconfig */,
				78A11E5F4756DA0B45113397 /* Pods-InstagramTests.debug.xcconfig */,
				81FB38E81F69536C7EBDADB4 /* Pods-InstagramTests.release.xcconfig */,
				87BC207ABBE8BD4D572E5575 /* Pods-InstagramUITests.debug.xcconfig */,
				E43F992A5BC0B9A83881F954 /* Pods-InstagramUITests.release.xcconfig */,
			);
			name = Pods;
			sourceTree = "<group>";
		};
		8762788A1D188EEC00706AD4 = {
			isa = PBXGroup;
			children = (
				876278951D188EEC00706AD4 /* Instagram */,
				876278AA1D188EEC00706AD4 /* InstagramTests */,
				876278B51D188EEC00706AD4 /* InstagramUITests */,
				876278941D188EEC00706AD4 /* Products */,
				1F55D4AE0F3F30C4AE2498BC /* Pods */,
				F75FD9512683066586934A87 /* Frameworks */,
			);
			sourceTree = "<group>";
		};
		876278941D188EEC00706AD4 /* Products */ = {
			isa = PBXGroup;
			children = (
				876278931D188EEC00706AD4 /* Instagram.app */,
				876278A71D188EEC00706AD4 /* InstagramTests.xctest */,
				876278B21D188EEC00706AD4 /* InstagramUITests.xctest */,
			);
			name = Products;
			sourceTree = "<group>";
		};
		876278951D188EEC00706AD4 /* Instagram */ = {
			isa = PBXGroup;
			children = (
				876278961D188EEC00706AD4 /* AppDelegate.swift */,
				876278981D188EEC00706AD4 /* ViewController.swift */,
				8762789A1D188EEC00706AD4 /* Main.storyboard */,
				876278D21D1A0CF100706AD4 /* Post.swift */,
				8762789D1D188EEC00706AD4 /* Assets.xcassets */,
				8762789F1D188EEC00706AD4 /* LaunchScreen.storyboard */,
				876278A21D188EEC00706AD4 /* Info.plist */,
				876278C41D18939100706AD4 /* LoginViewController.swift */,
				876278C81D18ABBA00706AD4 /* CaptureViewController.swift */,
				876278CA1D18ABEC00706AD4 /* HomeViewController.swift */,
				876278CC1D18AC0100706AD4 /* ProfileViewController.swift */,
				876278CE1D18B67800706AD4 /* MainTabBarController.swift */,
				876278D01D19F3F200706AD4 /* PostCell.swift */,
				876278D41D1B882300706AD4 /* DetailViewController.swift */,
				876278D61D1B92B100706AD4 /* ProfileCell.swift */,
				876278D81D1B992D00706AD4 /* ProfileDetailViewController.swift */,
				8713DA991D1D02AC00322EAB /* SnapshotViewController.swift */,
			);
			path = Instagram;
			sourceTree = "<group>";
		};
		876278AA1D188EEC00706AD4 /* InstagramTests */ = {
			isa = PBXGroup;
			children = (
				876278AB1D188EEC00706AD4 /* InstagramTests.swift */,
				876278AD1D188EEC00706AD4 /* Info.plist */,
			);
			path = InstagramTests;
			sourceTree = "<group>";
		};
		876278B51D188EEC00706AD4 /* InstagramUITests */ = {
			isa = PBXGroup;
			children = (
				876278B61D188EEC00706AD4 /* InstagramUITests.swift */,
				876278B81D188EEC00706AD4 /* Info.plist */,
			);
			path = InstagramUITests;
			sourceTree = "<group>";
		};
		F75FD9512683066586934A87 /* Frameworks */ = {
			isa = PBXGroup;
			children = (
				1E32872B0623E7F4BF5942D8 /* Pods_Instagram.framework */,
				CF087F67E144463EB285EBC6 /* Pods_InstagramTests.framework */,
				2F23DDADBB0BF799840DC118 /* Pods_InstagramUITests.framework */,
			);
			name = Frameworks;
			sourceTree = "<group>";
		};
/* End PBXGroup section */

/* Begin PBXNativeTarget section */
		876278921D188EEC00706AD4 /* Instagram */ = {
			isa = PBXNativeTarget;
			buildConfigurationList = 876278BB1D188EEC00706AD4 /* Build configuration list for PBXNativeTarget "Instagram" */;
			buildPhases = (
				7B705FC39EE2D49E00E2E7E9 /* [CP] Check Pods Manifest.lock */,
				8762788F1D188EEC00706AD4 /* Sources */,
				876278901D188EEC00706AD4 /* Frameworks */,
				876278911D188EEC00706AD4 /* Resources */,
				94BFFC599B519793775068C5 /* [CP] Embed Pods Frameworks */,
				8A24BA59E3B631AA1349F7BF /* [CP] Copy Pods Resources */,
			);
			buildRules = (
			);
			dependencies = (
			);
			name = Instagram;
			productName = Instagram;
			productReference = 876278931D188EEC00706AD4 /* Instagram.app */;
			productType = "com.apple.product-type.application";
		};
		876278A61D188EEC00706AD4 /* InstagramTests */ = {
			isa = PBXNativeTarget;
			buildConfigurationList = 876278BE1D188EEC00706AD4 /* Build configuration list for PBXNativeTarget "InstagramTests" */;
			buildPhases = (
				E353C7AF43617340EF63FF10 /* [CP] Check Pods Manifest.lock */,
				876278A31D188EEC00706AD4 /* Sources */,
				876278A41D188EEC00706AD4 /* Frameworks */,
				876278A51D188EEC00706AD4 /* Resources */,
				64F7F639C6FA7775F2EDF0DF /* [CP] Embed Pods Frameworks */,
				ED63EF8CA9566DA4569EC7BD /* [CP] Copy Pods Resources */,
			);
			buildRules = (
			);
			dependencies = (
				876278A91D188EEC00706AD4 /* PBXTargetDependency */,
			);
			name = InstagramTests;
			productName = InstagramTests;
			productReference = 876278A71D188EEC00706AD4 /* InstagramTests.xctest */;
			productType = "com.apple.product-type.bundle.unit-test";
		};
		876278B11D188EEC00706AD4 /* InstagramUITests */ = {
			isa = PBXNativeTarget;
			buildConfigurationList = 876278C11D188EEC00706AD4 /* Build configuration list for PBXNativeTarget "InstagramUITests" */;
			buildPhases = (
				E0E807DB325C6F88D53B895A /* [CP] Check Pods Manifest.lock */,
				876278AE1D188EEC00706AD4 /* Sources */,
				876278AF1D188EEC00706AD4 /* Frameworks */,
				876278B01D188EEC00706AD4 /* Resources */,
				A77736C4803DED77B7C291D0 /* [CP] Copy Pods Resources */,
			);
			buildRules = (
			);
			dependencies = (
				876278B41D188EEC00706AD4 /* PBXTargetDependency */,
			);
			name = InstagramUITests;
			productName = InstagramUITests;
			productReference = 876278B21D188EEC00706AD4 /* InstagramUITests.xctest */;
			productType = "com.apple.product-type.bundle.ui-testing";
		};
/* End PBXNativeTarget section */

/* Begin PBXProject section */
		8762788B1D188EEC00706AD4 /* Project object */ = {
			isa = PBXProject;
			attributes = {
				LastSwiftUpdateCheck = 0730;
				LastUpgradeCheck = 0730;
				ORGANIZATIONNAME = "Dominique Macias";
				TargetAttributes = {
					876278921D188EEC00706AD4 = {
						CreatedOnToolsVersion = 7.3.1;
						DevelopmentTeam = YL4763V8DE;
					};
					876278A61D188EEC00706AD4 = {
						CreatedOnToolsVersion = 7.3.1;
						TestTargetID = 876278921D188EEC00706AD4;
					};
					876278B11D188EEC00706AD4 = {
						CreatedOnToolsVersion = 7.3.1;
						TestTargetID = 876278921D188EEC00706AD4;
					};
				};
			};
			buildConfigurationList = 8762788E1D188EEC00706AD4 /* Build configuration list for PBXProject "Instagram" */;
			compatibilityVersion = "Xcode 3.2";
			developmentRegion = English;
			hasScannedForEncodings = 0;
			knownRegions = (
				en,
				Base,
			);
			mainGroup = 8762788A1D188EEC00706AD4;
			productRefGroup = 876278941D188EEC00706AD4 /* Products */;
			projectDirPath = "";
			projectRoot = "";
			targets = (
				876278921D188EEC00706AD4 /* Instagram */,
				876278A61D188EEC00706AD4 /* InstagramTests */,
				876278B11D188EEC00706AD4 /* InstagramUITests */,
			);
		};
/* End PBXProject section */

/* Begin PBXResourcesBuildPhase section */
		876278911D188EEC00706AD4 /* Resources */ = {
			isa = PBXResourcesBuildPhase;
			buildActionMask = 2147483647;
			files = (
				876278A11D188EEC00706AD4 /* LaunchScreen.storyboard in Resources */,
				8762789E1D188EEC00706AD4 /* Assets.xcassets in Resources */,
				8762789C1D188EEC00706AD4 /* Main.storyboard in Resources */,
			);
			runOnlyForDeploymentPostprocessing = 0;
		};
		876278A51D188EEC00706AD4 /* Resources */ = {
			isa = PBXResourcesBuildPhase;
			buildActionMask = 2147483647;
			files = (
			);
			runOnlyForDeploymentPostprocessing = 0;
		};
		876278B01D188EEC00706AD4 /* Resources */ = {
			isa = PBXResourcesBuildPhase;
			buildActionMask = 2147483647;
			files = (
			);
			runOnlyForDeploymentPostprocessing = 0;
		};
/* End PBXResourcesBuildPhase section */

/* Begin PBXShellScriptBuildPhase section */
		64F7F639C6FA7775F2EDF0DF /* [CP] Embed Pods Frameworks */ = {
			isa = PBXShellScriptBuildPhase;
			buildActionMask = 2147483647;
			files = (
			);
			inputPaths = (
			);
			name = "[CP] Embed Pods Frameworks";
			outputPaths = (
			);
			runOnlyForDeploymentPostprocessing = 0;
			shellPath = /bin/sh;
			shellScript = "\"${SRCROOT}/Pods/Target Support Files/Pods-InstagramTests/Pods-InstagramTests-frameworks.sh\"\n";
			showEnvVarsInLog = 0;
		};
		7B705FC39EE2D49E00E2E7E9 /* [CP] Check Pods Manifest.lock */ = {
			isa = PBXShellScriptBuildPhase;
			buildActionMask = 2147483647;
			files = (
			);
			inputPaths = (
			);
			name = "[CP] Check Pods Manifest.lock";
			outputPaths = (
			);
			runOnlyForDeploymentPostprocessing = 0;
			shellPath = /bin/sh;
			shellScript = "diff \"${PODS_ROOT}/../Podfile.lock\" \"${PODS_ROOT}/Manifest.lock\" > /dev/null\nif [[ $? != 0 ]] ; then\n    cat << EOM\nerror: The sandbox is not in sync with the Podfile.lock. Run 'pod install' or update your CocoaPods installation.\nEOM\n    exit 1\nfi\n";
			showEnvVarsInLog = 0;
		};
		8A24BA59E3B631AA1349F7BF /* [CP] Copy Pods Resources */ = {
			isa = PBXShellScriptBuildPhase;
			buildActionMask = 2147483647;
			files = (
			);
			inputPaths = (
			);
			name = "[CP] Copy Pods Resources";
			outputPaths = (
			);
			runOnlyForDeploymentPostprocessing = 0;
			shellPath = /bin/sh;
			shellScript = "\"${SRCROOT}/Pods/Target Support Files/Pods-Instagram/Pods-Instagram-resources.sh\"\n";
			showEnvVarsInLog = 0;
		};
		94BFFC599B519793775068C5 /* [CP] Embed Pods Frameworks */ = {
			isa = PBXShellScriptBuildPhase;
			buildActionMask = 2147483647;
			files = (
			);
			inputPaths = (
			);
			name = "[CP] Embed Pods Frameworks";
			outputPaths = (
			);
			runOnlyForDeploymentPostprocessing = 0;
			shellPath = /bin/sh;
			shellScript = "\"${SRCROOT}/Pods/Target Support Files/Pods-Instagram/Pods-Instagram-frameworks.sh\"\n";
			showEnvVarsInLog = 0;
		};
		A77736C4803DED77B7C291D0 /* [CP] Copy Pods Resources */ = {
			isa = PBXShellScriptBuildPhase;
			buildActionMask = 2147483647;
			files = (
			);
			inputPaths = (
			);
			name = "[CP] Copy Pods Resources";
			outputPaths = (
			);
			runOnlyForDeploymentPostprocessing = 0;
			shellPath = /bin/sh;
			shellScript = "\"${SRCROOT}/Pods/Target Support Files/Pods-InstagramUITests/Pods-InstagramUITests-resources.sh\"\n";
			showEnvVarsInLog = 0;
		};
		E0E807DB325C6F88D53B895A /* [CP] Check Pods Manifest.lock */ = {
			isa = PBXShellScriptBuildPhase;
			buildActionMask = 2147483647;
			files = (
			);
			inputPaths = (
			);
			name = "[CP] Check Pods Manifest.lock";
			outputPaths = (
			);
			runOnlyForDeploymentPostprocessing = 0;
			shellPath = /bin/sh;
			shellScript = "diff \"${PODS_ROOT}/../Podfile.lock\" \"${PODS_ROOT}/Manifest.lock\" > /dev/null\nif [[ $? != 0 ]] ; then\n    cat << EOM\nerror: The sandbox is not in sync with the Podfile.lock. Run 'pod install' or update your CocoaPods installation.\nEOM\n    exit 1\nfi\n";
			showEnvVarsInLog = 0;
		};
		E353C7AF43617340EF63FF10 /* [CP] Check Pods Manifest.lock */ = {
			isa = PBXShellScriptBuildPhase;
			buildActionMask = 2147483647;
			files = (
			);
			inputPaths = (
			);
			name = "[CP] Check Pods Manifest.lock";
			outputPaths = (
			);
			runOnlyForDeploymentPostprocessing = 0;
			shellPath = /bin/sh;
			shellScript = "diff \"${PODS_ROOT}/../Podfile.lock\" \"${PODS_ROOT}/Manifest.lock\" > /dev/null\nif [[ $? != 0 ]] ; then\n    cat << EOM\nerror: The sandbox is not in sync with the Podfile.lock. Run 'pod install' or update your CocoaPods installation.\nEOM\n    exit 1\nfi\n";
			showEnvVarsInLog = 0;
		};
		ED63EF8CA9566DA4569EC7BD /* [CP] Copy Pods Resources */ = {
			isa = PBXShellScriptBuildPhase;
			buildActionMask = 2147483647;
			files = (
			);
			inputPaths = (
			);
			name = "[CP] Copy Pods Resources";
			outputPaths = (
			);
			runOnlyForDeploymentPostprocessing = 0;
			shellPath = /bin/sh;
			shellScript = "\"${SRCROOT}/Pods/Target Support Files/Pods-InstagramTests/Pods-InstagramTests-resources.sh\"\n";
			showEnvVarsInLog = 0;
		};
/* End PBXShellScriptBuildPhase section */

/* Begin PBXSourcesBuildPhase section */
		8762788F1D188EEC00706AD4 /* Sources */ = {
			isa = PBXSourcesBuildPhase;
			buildActionMask = 2147483647;
			files = (
				876278CD1D18AC0100706AD4 /* ProfileViewController.swift in Sources */,
				876278D91D1B992D00706AD4 /* ProfileDetailViewController.swift in Sources */,
				876278CB1D18ABEC00706AD4 /* HomeViewController.swift in Sources */,
				876278C51D18939100706AD4 /* LoginViewController.swift in Sources */,
				876278D71D1B92B100706AD4 /* ProfileCell.swift in Sources */,
				876278CF1D18B67800706AD4 /* MainTabBarController.swift in Sources */,
				876278991D188EEC00706AD4 /* ViewController.swift in Sources */,
				876278971D188EEC00706AD4 /* AppDelegate.swift in Sources */,
				876278D31D1A0CF100706AD4 /* Post.swift in Sources */,
				876278D51D1B882300706AD4 /* DetailViewController.swift in Sources */,
				876278C91D18ABBA00706AD4 /* CaptureViewController.swift in Sources */,
				876278D11D19F3F200706AD4 /* PostCell.swift in Sources */,
				8713DA9A1D1D02AC00322EAB /* SnapshotViewController.swift in Sources */,
			);
			runOnlyForDeploymentPostprocessing = 0;
		};
		876278A31D188EEC00706AD4 /* Sources */ = {
			isa = PBXSourcesBuildPhase;
			buildActionMask = 2147483647;
			files = (
				876278AC1D188EEC00706AD4 /* InstagramTests.swift in Sources */,
			);
			runOnlyForDeploymentPostprocessing = 0;
		};
		876278AE1D188EEC00706AD4 /* Sources */ = {
			isa = PBXSourcesBuildPhase;
			buildActionMask = 2147483647;
			files = (
				876278B71D188EEC00706AD4 /* InstagramUITests.swift in Sources */,
			);
			runOnlyForDeploymentPostprocessing = 0;
		};
/* End PBXSourcesBuildPhase section */

/* Begin PBXTargetDependency section */
		876278A91D188EEC00706AD4 /* PBXTargetDependency */ = {
			isa = PBXTargetDependency;
			target = 876278921D188EEC00706AD4 /* Instagram */;
			targetProxy = 876278A81D188EEC00706AD4 /* PBXContainerItemProxy */;
		};
		876278B41D188EEC00706AD4 /* PBXTargetDependency */ = {
			isa = PBXTargetDependency;
			target = 876278921D188EEC00706AD4 /* Instagram */;
			targetProxy = 876278B31D188EEC00706AD4 /* PBXContainerItemProxy */;
		};
/* End PBXTargetDependency section */

/* Begin PBXVariantGroup section */
		8762789A1D188EEC00706AD4 /* Main.storyboard */ = {
			isa = PBXVariantGroup;
			children = (
				8762789B1D188EEC00706AD4 /* Base */,
			);
			name = Main.storyboard;
			sourceTree = "<group>";
		};
		8762789F1D188EEC00706AD4 /* LaunchScreen.storyboard */ = {
			isa = PBXVariantGroup;
			children = (
				876278A01D188EEC00706AD4 /* Base */,
			);
			name = LaunchScreen.storyboard;
			sourceTree = "<group>";
		};
/* End PBXVariantGroup section */

/* Begin XCBuildConfiguration section */
		876278B91D188EEC00706AD4 /* Debug */ = {
			isa = XCBuildConfiguration;
			buildSettings = {
				ALWAYS_SEARCH_USER_PATHS = NO;
				CLANG_ANALYZER_NONNULL = YES;
				CLANG_CXX_LANGUAGE_STANDARD = "gnu++0x";
				CLANG_CXX_LIBRARY = "libc++";
				CLANG_ENABLE_MODULES = YES;
				CLANG_ENABLE_OBJC_ARC = YES;
				CLANG_WARN_BOOL_CONVERSION = YES;
				CLANG_WARN_CONSTANT_CONVERSION = YES;
				CLANG_WARN_DIRECT_OBJC_ISA_USAGE = YES_ERROR;
				CLANG_WARN_EMPTY_BODY = YES;
				CLANG_WARN_ENUM_CONVERSION = YES;
				CLANG_WARN_INT_CONVERSION = YES;
				CLANG_WARN_OBJC_ROOT_CLASS = YES_ERROR;
				CLANG_WARN_UNREACHABLE_CODE = YES;
				CLANG_WARN__DUPLICATE_METHOD_MATCH = YES;
				"CODE_SIGN_IDENTITY[sdk=iphoneos*]" = "iPhone Developer";
				COPY_PHASE_STRIP = NO;
				DEBUG_INFORMATION_FORMAT = dwarf;
				ENABLE_STRICT_OBJC_MSGSEND = YES;
				ENABLE_TESTABILITY = YES;
				GCC_C_LANGUAGE_STANDARD = gnu99;
				GCC_DYNAMIC_NO_PIC = NO;
				GCC_NO_COMMON_BLOCKS = YES;
				GCC_OPTIMIZATION_LEVEL = 0;
				GCC_PREPROCESSOR_DEFINITIONS = (
					"DEBUG=1",
					"$(inherited)",
				);
				GCC_WARN_64_TO_32_BIT_CONVERSION = YES;
				GCC_WARN_ABOUT_RETURN_TYPE = YES_ERROR;
				GCC_WARN_UNDECLARED_SELECTOR = YES;
				GCC_WARN_UNINITIALIZED_AUTOS = YES_AGGRESSIVE;
				GCC_WARN_UNUSED_FUNCTION = YES;
				GCC_WARN_UNUSED_VARIABLE = YES;
				IPHONEOS_DEPLOYMENT_TARGET = 9.3;
				MTL_ENABLE_DEBUG_INFO = YES;
				ONLY_ACTIVE_ARCH = YES;
				SDKROOT = iphoneos;
				SWIFT_OPTIMIZATION_LEVEL = "-Onone";
			};
			name = Debug;
		};
		876278BA1D188EEC00706AD4 /* Release */ = {
			isa = XCBuildConfiguration;
			buildSettings = {
				ALWAYS_SEARCH_USER_PATHS = NO;
				CLANG_ANALYZER_NONNULL = YES;
				CLANG_CXX_LANGUAGE_STANDARD = "gnu++0x";
				CLANG_CXX_LIBRARY = "libc++";
				CLANG_ENABLE_MODULES = YES;
				CLANG_ENABLE_OBJC_ARC = YES;
				CLANG_WARN_BOOL_CONVERSION = YES;
				CLANG_WARN_CONSTANT_CONVERSION = YES;
				CLANG_WARN_DIRECT_OBJC_ISA_USAGE = YES_ERROR;
				CLANG_WARN_EMPTY_BODY = YES;
				CLANG_WARN_ENUM_CONVERSION = YES;
				CLANG_WARN_INT_CONVERSION = YES;
				CLANG_WARN_OBJC_ROOT_CLASS = YES_ERROR;
				CLANG_WARN_UNREACHABLE_CODE = YES;
				CLANG_WARN__DUPLICATE_METHOD_MATCH = YES;
				"CODE_SIGN_IDENTITY[sdk=iphoneos*]" = "iPhone Developer";
				COPY_PHASE_STRIP = NO;
				DEBUG_INFORMATION_FORMAT = "dwarf-with-dsym";
				ENABLE_NS_ASSERTIONS = NO;
				ENABLE_STRICT_OBJC_MSGSEND = YES;
				GCC_C_LANGUAGE_STANDARD = gnu99;
				GCC_NO_COMMON_BLOCKS = YES;
				GCC_WARN_64_TO_32_BIT_CONVERSION = YES;
				GCC_WARN_ABOUT_RETURN_TYPE = YES_ERROR;
				GCC_WARN_UNDECLARED_SELECTOR = YES;
				GCC_WARN_UNINITIALIZED_AUTOS = YES_AGGRESSIVE;
				GCC_WARN_UNUSED_FUNCTION = YES;
				GCC_WARN_UNUSED_VARIABLE = YES;
				IPHONEOS_DEPLOYMENT_TARGET = 9.3;
				MTL_ENABLE_DEBUG_INFO = NO;
				SDKROOT = iphoneos;
				VALIDATE_PRODUCT = YES;
			};
			name = Release;
		};
		876278BC1D188EEC00706AD4 /* Debug */ = {
			isa = XCBuildConfiguration;
			baseConfigurationReference = A448F60C4136C8E36FE19F5F /* Pods-Instagram.debug.xcconfig */;
			buildSettings = {
				ASSETCATALOG_COMPILER_APPICON_NAME = AppIcon;
				CODE_SIGN_IDENTITY = "iPhone Developer";
				"CODE_SIGN_IDENTITY[sdk=iphoneos*]" = "iPhone Developer";
				INFOPLIST_FILE = Instagram/Info.plist;
				LD_RUNPATH_SEARCH_PATHS = "$(inherited) @executable_path/Frameworks";
				PRODUCT_BUNDLE_IDENTIFIER = com.codepath.Instapic;
				PRODUCT_NAME = "$(TARGET_NAME)";
				PROVISIONING_PROFILE = "";
				TARGETED_DEVICE_FAMILY = "1,2";
			};
			name = Debug;
		};
		876278BD1D188EEC00706AD4 /* Release */ = {
			isa = XCBuildConfiguration;
			baseConfigurationReference = 7338AA2BEDB69DED67C3C748 /* Pods-Instagram.release.xcconfig */;
			buildSettings = {
				ASSETCATALOG_COMPILER_APPICON_NAME = AppIcon;
				CODE_SIGN_IDENTITY = "iPhone Developer";
				"CODE_SIGN_IDENTITY[sdk=iphoneos*]" = "iPhone Developer";
				INFOPLIST_FILE = Instagram/Info.plist;
				LD_RUNPATH_SEARCH_PATHS = "$(inherited) @executable_path/Frameworks";
				PRODUCT_BUNDLE_IDENTIFIER = com.codepath.Instapic;
				PRODUCT_NAME = "$(TARGET_NAME)";
				PROVISIONING_PROFILE = "";
				TARGETED_DEVICE_FAMILY = "1,2";
			};
			name = Release;
		};
		876278BF1D188EEC00706AD4 /* Debug */ = {
			isa = XCBuildConfiguration;
			baseConfigurationReference = 78A11E5F4756DA0B45113397 /* Pods-InstagramTests.debug.xcconfig */;
			buildSettings = {
				BUNDLE_LOADER = "$(TEST_HOST)";
				INFOPLIST_FILE = InstagramTests/Info.plist;
				LD_RUNPATH_SEARCH_PATHS = "$(inherited) @executable_path/Frameworks @loader_path/Frameworks";
				PRODUCT_BUNDLE_IDENTIFIER = com.codepath.InstagramTests;
				PRODUCT_NAME = "$(TARGET_NAME)";
				TEST_HOST = "$(BUILT_PRODUCTS_DIR)/Instagram.app/Instagram";
			};
			name = Debug;
		};
		876278C01D188EEC00706AD4 /* Release */ = {
			isa = XCBuildConfiguration;
			baseConfigurationReference = 81FB38E81F69536C7EBDADB4 /* Pods-InstagramTests.release.xcconfig */;
			buildSettings = {
				BUNDLE_LOADER = "$(TEST_HOST)";
				INFOPLIST_FILE = InstagramTests/Info.plist;
				LD_RUNPATH_SEARCH_PATHS = "$(inherited) @executable_path/Frameworks @loader_path/Frameworks";
				PRODUCT_BUNDLE_IDENTIFIER = com.codepath.InstagramTests;
				PRODUCT_NAME = "$(TARGET_NAME)";
				TEST_HOST = "$(BUILT_PRODUCTS_DIR)/Instagram.app/Instagram";
			};
			name = Release;
		};
		876278C21D188EEC00706AD4 /* Debug */ = {
			isa = XCBuildConfiguration;
			baseConfigurationReference = 87BC207ABBE8BD4D572E5575 /* Pods-InstagramUITests.debug.xcconfig */;
			buildSettings = {
				INFOPLIST_FILE = InstagramUITests/Info.plist;
				LD_RUNPATH_SEARCH_PATHS = "$(inherited) @executable_path/Frameworks @loader_path/Frameworks";
				PRODUCT_BUNDLE_IDENTIFIER = com.codepath.InstagramUITests;
				PRODUCT_NAME = "$(TARGET_NAME)";
				TEST_TARGET_NAME = Instagram;
			};
			name = Debug;
		};
		876278C31D188EEC00706AD4 /* Release */ = {
			isa = XCBuildConfiguration;
			baseConfigurationReference = E43F992A5BC0B9A83881F954 /* Pods-InstagramUITests.release.xcconfig */;
			buildSettings = {
				INFOPLIST_FILE = InstagramUITests/Info.plist;
				LD_RUNPATH_SEARCH_PATHS = "$(inherited) @executable_path/Frameworks @loader_path/Frameworks";
				PRODUCT_BUNDLE_IDENTIFIER = com.codepath.InstagramUITests;
				PRODUCT_NAME = "$(TARGET_NAME)";
				TEST_TARGET_NAME = Instagram;
			};
			name = Release;
		};
/* End XCBuildConfiguration section */

/* Begin XCConfigurationList section */
		8762788E1D188EEC00706AD4 /* Build configuration list for PBXProject "Instagram" */ = {
			isa = XCConfigurationList;
			buildConfigurations = (
				876278B91D188EEC00706AD4 /* Debug */,
				876278BA1D188EEC00706AD4 /* Release */,
			);
			defaultConfigurationIsVisible = 0;
			defaultConfigurationName = Release;
		};
		876278BB1D188EEC00706AD4 /* Build configuration list for PBXNativeTarget "Instagram" */ = {
			isa = XCConfigurationList;
			buildConfigurations = (
				876278BC1D188EEC00706AD4 /* Debug */,
				876278BD1D188EEC00706AD4 /* Release */,
			);
			defaultConfigurationIsVisible = 0;
			defaultConfigurationName = Release;
		};
		876278BE1D188EEC00706AD4 /* Build configuration list for PBXNativeTarget "InstagramTests" */ = {
			isa = XCConfigurationList;
			buildConfigurations = (
				876278BF1D188EEC00706AD4 /* Debug */,
				876278C01D188EEC00706AD4 /* Release */,
			);
			defaultConfigurationIsVisible = 0;
			defaultConfigurationName = Release;
		};
		876278C11D188EEC00706AD4 /* Build configuration list for PBXNativeTarget "InstagramUITests" */ = {
			isa = XCConfigurationList;
			buildConfigurations = (
				876278C21D188EEC00706AD4 /* Debug */,
				876278C31D188EEC00706AD4 /* Release */,
			);
			defaultConfigurationIsVisible = 0;
			defaultConfigurationName = Release;
		};
/* End XCConfigurationList section */
	};
	rootObject = 8762788B1D188EEC00706AD4 /* Project object */;
}
